<?xml version="1.0" encoding="utf-8"?>
<Project ToolsVersion="4.0" xmlns="http://schemas.microsoft.com/developer/msbuild/2003">
  <ItemGroup>
    <ClCompile Include="..\Component\Beverage.cpp">
      <Filter>Source</Filter>
    </ClCompile>
    <ClCompile Include="..\Decorator\Whip.cpp">
      <Filter>Source</Filter>
    </ClCompile>
    <ClCompile Include="..\Component\DarkRoast.cpp">
      <Filter>Source</Filter>
    </ClCompile>
    <ClCompile Include="..\Component\Decaf.cpp">
      <Filter>Source</Filter>
    </ClCompile>
    <ClCompile Include="..\Component\Espresso.cpp">
      <Filter>Source</Filter>
    </ClCompile>
    <ClCompile Include="..\Component\HouseBlend.cpp">
      <Filter>Source</Filter>
    </ClCompile>
    <ClCompile Include="..\Decorator\Milk.cpp">
      <Filter>Source</Filter>
    </ClCompile>
    <ClCompile Include="..\Decorator\Mocha.cpp">
      <Filter>Source</Filter>
    </ClCompile>
    <ClCompile Include="..\Decorator\Soy.cpp">
      <Filter>Source</Filter>
    </ClCompile>
    <ClCompile Include="..\Test\StarbuzzTest.cpp">
      <Filter>Source</Filter>
    </ClCompile>
  </ItemGroup>
  <ItemGroup>
    <ClInclude Include="..\Component\Beverage.h">
      <Filter>Header</Filter>
    </ClInclude>
    <ClInclude Include="..\Decorator\CondimentDecorator.h">
      <Filter>Header</Filter>
    </ClInclude>
    <ClInclude Include="..\Component\DarkRoast.h">
      <Filter>Header</Filter>
    </ClInclude>
    <ClInclude Include="..\Component\Decaf.h">
      <Filter>Header</Filter>
    </ClInclude>
    <ClInclude Include="..\Component\Espresso.h">
      <Filter>Header</Filter>
    </ClInclude>
    <ClInclude Include="..\Component\HouseBlend.h">
      <Filter>Header</Filter>
    </ClInclude>
    <ClInclude Include="..\Decorator\Milk.h">
      <Filter>Header</Filter>
    </ClInclude>
  </ItemGroup>
  <ItemGroup>
    <Filter Include="Source">
      <UniqueIdentifier>{d5f6ce79-cce2-430a-bc3d-5ba3ad367d83}</UniqueIdentifier>
    </Filter>
    <Filter Include="Header">
      <UniqueIdentifier>{855b159e-5843-425c-b39b-d694e065158c}</UniqueIdentifier>
    </Filter>
  </ItemGroup>
</Project>